<?xml version="1.0" encoding="utf-8"?>
<Solution>
  <Folder Name="/src/">
    <Project Path="src/Robotico.Validation/Robotico.Validation.csproj" />
  </Folder>
  <Folder Name="/tests/">
    <Project Path="tests/Robotico.Validation.Tests/Robotico.Validation.Tests.csproj" />
  </Folder>
  <Folder Name="/benchmarks/">
    <Project Path="benchmarks/Robotico.Validation.Benchmarks/Robotico.Validation.Benchmarks.csproj" />
  </Folder>
</Solution>
